// !$*UTF8*$!
{
	archiveVersion = 1;
	classes = {
	};
	objectVersion = 46;
	objects = {

/* Begin PBXBuildFile section */
		7747C0A71D9513B1007B5E3A /* main.m in Sources */ = {isa = PBXBuildFile; fileRef = 7747C0A61D9513B1007B5E3A /* main.m */; };
		7747C0AA1D9513B1007B5E3A /* AppDelegate.m in Sources */ = {isa = PBXBuildFile; fileRef = 7747C0A91D9513B1007B5E3A /* AppDelegate.m */; };
		7747C0AD1D9513B1007B5E3A /* ViewController.m in Sources */ = {isa = PBXBuildFile; fileRef = 7747C0AC1D9513B1007B5E3A /* ViewController.m */; };
		7747C0B01D9513B1007B5E3A /* Main.storyboard in Resources */ = {isa = PBXBuildFile; fileRef = 7747C0AE1D9513B1007B5E3A /* Main.storyboard */; };
		7747C0B21D9513B1007B5E3A /* Assets.xcassets in Resources */ = {isa = PBXBuildFile; fileRef = 7747C0B11D9513B1007B5E3A /* Assets.xcassets */; };
		7747C0B51D9513B1007B5E3A /* LaunchScreen.storyboard in Resources */ = {isa = PBXBuildFile; fileRef = 7747C0B31D9513B1007B5E3A /* LaunchScreen.storyboard */; };
/* End PBXBuildFile section */

/* Begin PBXFileReference section */
		7747C0A21D9513B1007B5E3A /* TPlayer.app */ = {isa = PBXFileReference; explicitFileType = wrapper.application; includeInIndex = 0; path = TPlayer.app; sourceTree = BUILT_PRODUCTS_DIR; };
		7747C0A61D9513B1007B5E3A /* main.m */ = {isa = PBXFileReference; lastKnownFileType = sourcecode.c.objc; path = main.m; sourceTree = "<group>"; };
		7747C0A81D9513B1007B5E3A /* AppDelegate.h */ = {isa = PBXFileReference; lastKnownFileType = sourcecode.c.h; path = AppDelegate.h; sourceTree = "<group>"; };
		7747C0A91D9513B1007B5E3A /* AppDelegate.m */ = {isa = PBXFileReference; lastKnownFileType = sourcecode.c.objc; path = AppDelegate.m; sourceTree = "<group>"; };
		7747C0AB1D9513B1007B5E3A /* ViewController.h */ = {isa = PBXFileReference; lastKnownFileType = sourcecode.c.h; path = ViewController.h; sourceTree = "<group>"; };
		7747C0AC1D9513B1007B5E3A /* ViewController.m */ = {isa = PBXFileReference; lastKnownFileType = sourcecode.c.objc; path = ViewController.m; sourceTree = "<group>"; };
		7747C0AF1D9513B1007B5E3A /* Base */ = {isa = PBXFileReference; lastKnownFileType = file.storyboard; name = Base; path = Base.lproj/Main.storyboard; sourceTree = "<group>"; };
		7747C0B11D9513B1007B5E3A /* Assets.xcassets */ = {isa = PBXFileReference; lastKnownFileType = folder.assetcatalog; path = Assets.xcassets; sourceTree = "<group>"; };
		7747C0B41D9513B1007B5E3A /* Base */ = {isa = PBXFileReference; lastKnownFileType = file.storyboard; name = Base; path = Base.lproj/LaunchScreen.storyboard; sourceTree = "<group>"; };
		7747C0B61D9513B1007B5E3A /* Info.plist */ = {isa = PBXFileReference; lastKnownFileType = text.plist.xml; path = Info.plist; sourceTree = "<group>"; };
/* End PBXFileReference section */

/* Begin PBXFrameworksBuildPhase section */
		7747C09F1D9513B1007B5E3A /* Frameworks */ = {
			isa = PBXFrameworksBuildPhase;
			buildActionMask = 2147483647;
			files = (
			);
			runOnlyForDeploymentPostprocessing = 0;
		};
/* End PBXFrameworksBuildPhase section */

/* Begin PBXGroup section */
		7747C0991D9513B1007B5E3A = {
			isa = PBXGroup;
			children = (
				7747C0A41D9513B1007B5E3A /* TPlayer */,
				7747C0A31D9513B1007B5E3A /* Products */,
			);
			sourceTree = "<group>";
		};
		7747C0A31D9513B1007B5E3A /* Products */ = {
			isa = PBXGroup;
			children = (
				7747C0A21D9513B1007B5E3A /* TPlayer.app */,
			);
			name = Products;
			sourceTree = "<group>";
		};
		7747C0A41D9513B1007B5E3A /* TPlayer */ = {
			isa = PBXGroup;
			children = (
				7747C0A81D9513B1007B5E3A /* AppDelegate.h */,
				7747C0A91D9513B1007B5E3A /* AppDelegate.m */,
				7747C0AB1D9513B1007B5E3A /* ViewController.h */,
				7747C0AC1D9513B1007B5E3A /* ViewController.m */,
				7747C0AE1D9513B1007B5E3A /* Main.storyboard */,
				7747C0B11D9513B1007B5E3A /* Assets.xcassets */,
				7747C0B31D9513B1007B5E3A /* LaunchScreen.storyboard */,
				7747C0B61D9513B1007B5E3A /* Info.plist */,
				7747C0A51D9513B1007B5E3A /* Supporting Files */,
			);
			path = TPlayer;
			sourceTree = "<group>";
		};
		7747C0A51D9513B1007B5E3A /* Supporting Files */ = {
			isa = PBXGroup;
			children = (
				7747C0A61D9513B1007B5E3A /* main.m */,
			);
			name = "Supporting Files";
			sourceTree = "<group>";
		};
/* End PBXGroup section */

/* Begin PBXNativeTarget section */
		7747C0A11D9513B1007B5E3A /* TPlayer */ = {
			isa = PBXNativeTarget;
			buildConfigurationList = 7747C0B91D9513B1007B5E3A /* Build configuration list for PBXNativeTarget "TPlayer" */;
			buildPhases = (
				7747C09E1D9513B1007B5E3A /* Sources */,
				7747C09F1D9513B1007B5E3A /* Frameworks */,
				7747C0A01D9513B1007B5E3A /* Resources */,
			);
			buildRules = (
			);
			dependencies = (
			);
			name = TPlayer;
			productName = TPlayer;
			productReference = 7747C0A21D9513B1007B5E3A /* TPlayer.app */;
			productType = "com.apple.product-type.application";
		};
/* End PBXNativeTarget section */

/* Begin PBXProject section */
		7747C09A1D9513B1007B5E3A /* Project object */ = {
			isa = PBXProject;
			attributes = {
				LastUpgradeCheck = 0730;
				ORGANIZATIONNAME = xukaitiankevin;
				TargetAttributes = {
					7747C0A11D9513B1007B5E3A = {
						CreatedOnToolsVersion = 7.3.1;
					};
				};
			};
			buildConfigurationList = 7747C09D1D9513B1007B5E3A /* Build configuration list for PBXProject "TPlayer" */;
			compatibilityVersion = "Xcode 3.2";
			developmentRegion = English;
			hasScannedForEncodings = 0;
			knownRegions = (
				en,
				Base,
			);
			mainGroup = 7747C0991D9513B1007B5E3A;
			productRefGroup = 7747C0A31D9513B1007B5E3A /* Products */;
			projectDirPath = "";
			projectRoot = "";
			targets = (
				7747C0A11D9513B1007B5E3A /* TPlayer */,
			);
		};
/* End PBXProject section */

/* Begin PBXResourcesBuildPhase section */
		7747C0A01D9513B1007B5E3A /* Resources */ = {
			isa = PBXResourcesBuildPhase;
			buildActionMask = 2147483647;
			files = (
				7747C0B51D9513B1007B5E3A /* LaunchScreen.storyboard in Resources */,
				7747C0B21D9513B1007B5E3A /* Assets.xcassets in Resources */,
				7747C0B01D9513B1007B5E3A /* Main.storyboard in Resources */,
			);
			runOnlyForDeploymentPostprocessing = 0;
		};
/* End PBXResourcesBuildPhase section */

/* Begin PBXSourcesBuildPhase section */
		7747C09E1D9513B1007B5E3A /* Sources */ = {
			isa = PBXSourcesBuildPhase;
			buildActionMask = 2147483647;
			files = (
				7747C0AD1D9513B1007B5E3A /* ViewController.m in Sources */,
				7747C0AA1D9513B1007B5E3A /* AppDelegate.m in Sources */,
				7747C0A71D9513B1007B5E3A /* main.m in Sources */,
			);
			runOnlyForDeploymentPostprocessing = 0;
		};
/* End PBXSourcesBuildPhase section */

/* Begin PBXVariantGroup section */
		7747C0AE1D9513B1007B5E3A /* Main.storyboard */ = {
			isa = PBXVariantGroup;
			children = (
				7747C0AF1D9513B1007B5E3A /* Base */,
			);
			name = Main.storyboard;
			sourceTree = "<group>";
		};
		7747C0B31D9513B1007B5E3A /* LaunchScreen.storyboard */ = {
			isa = PBXVariantGroup;
			children = (
				7747C0B41D9513B1007B5E3A /* Base */,
			);
			name = LaunchScreen.storyboard;
			sourceTree = "<group>";
		};
/* End PBXVariantGroup section */

/* Begin XCBuildConfiguration section */
		7747C0B71D9513B1007B5E3A /* Debug */ = {
			isa = XCBuildConfiguration;
			buildSettings = {
				ALWAYS_SEARCH_USER_PATHS = NO;
				CLANG_ANALYZER_NONNULL = YES;
				CLANG_CXX_LANGUAGE_STANDARD = "gnu++0x";
				CLANG_CXX_LIBRARY = "libc++";
				CLANG_ENABLE_MODULES = YES;
				CLANG_ENABLE_OBJC_ARC = YES;
				CLANG_WARN_BOOL_CONVERSION = YES;
				CLANG_WARN_CONSTANT_CONVERSION = YES;
				CLANG_WARN_DIRECT_OBJC_ISA_USAGE = YES_ERROR;
				CLANG_WARN_EMPTY_BODY = YES;
				CLANG_WARN_ENUM_CONVERSION = YES;
				CLANG_WARN_INT_CONVERSION = YES;
				CLANG_WARN_OBJC_ROOT_CLASS = YES_ERROR;
				CLANG_WARN_UNREACHABLE_CODE = YES;
				CLANG_WARN__DUPLICATE_METHOD_MATCH = YES;
				"CODE_SIGN_IDENTITY[sdk=iphoneos*]" = "iPhone Developer";
				COPY_PHASE_STRIP = NO;
				DEBUG_INFORMATION_FORMAT = dwarf;
				ENABLE_STRICT_OBJC_MSGSEND = YES;
				ENABLE_TESTABILITY = YES;
				GCC_C_LANGUAGE_STANDARD = gnu99;
				GCC_DYNAMIC_NO_PIC = NO;
				GCC_NO_COMMON_BLOCKS = YES;
				GCC_OPTIMIZATION_LEVEL = 0;
				GCC_PREPROCESSOR_DEFINITIONS = (
					"DEBUG=1",
					"$(inherited)",
				);
				GCC_WARN_64_TO_32_BIT_CONVERSION = YES;
				GCC_WARN_ABOUT_RETURN_TYPE = YES_ERROR;
				GCC_WARN_UNDECLARED_SELECTOR = YES;
				GCC_WARN_UNINITIALIZED_AUTOS = YES_AGGRESSIVE;
				GCC_WARN_UNUSED_FUNCTION = YES;
				GCC_WARN_UNUSED_VARIABLE = YES;
				IPHONEOS_DEPLOYMENT_TARGET = 9.3;
				MTL_ENABLE_DEBUG_INFO = YES;
				ONLY_ACTIVE_ARCH = YES;
				SDKROOT = iphoneos;
			};
			name = Debug;
		};
		7747C0B81D9513B1007B5E3A /* Release */ = {
			isa = XCBuildConfiguration;
			buildSettings = {
				ALWAYS_SEARCH_USER_PATHS = NO;
				CLANG_ANALYZER_NONNULL = YES;
				CLANG_CXX_LANGUAGE_STANDARD = "gnu++0x";
				CLANG_CXX_LIBRARY = "libc++";
				CLANG_ENABLE_MODULES = YES;
				CLANG_ENABLE_OBJC_ARC = YES;
				CLANG_WARN_BOOL_CONVERSION = YES;
				CLANG_WARN_CONSTANT_CONVERSION = YES;
				CLANG_WARN_DIRECT_OBJC_ISA_USAGE = YES_ERROR;
				CLANG_WARN_EMPTY_BODY = YES;
				CLANG_WARN_ENUM_CONVERSION = YES;
				CLANG_WARN_INT_CONVERSION = YES;
				CLANG_WARN_OBJC_ROOT_CLASS = YES_ERROR;
				CLANG_WARN_UNREACHABLE_CODE = YES;
				CLANG_WARN__DUPLICATE_METHOD_MATCH = YES;
				"CODE_SIGN_IDENTITY[sdk=iphoneos*]" = "iPhone Developer";
				COPY_PHASE_STRIP = NO;
				DEBUG_INFORMATION_FORMAT = "dwarf-with-dsym";
				ENABLE_NS_ASSERTIONS = NO;
				ENABLE_STRICT_OBJC_MSGSEND = YES;
				GCC_C_LANGUAGE_STANDARD = gnu99;
				GCC_NO_COMMON_BLOCKS = YES;
				GCC_WARN_64_TO_32_BIT_CONVERSION = YES;
				GCC_WARN_ABOUT_RETURN_TYPE = YES_ERROR;
				GCC_WARN_UNDECLARED_SELECTOR = YES;
				GCC_WARN_UNINITIALIZED_AUTOS = YES_AGGRESSIVE;
				GCC_WARN_UNUSED_FUNCTION = YES;
				GCC_WARN_UNUSED_VARIABLE = YES;
				IPHONEOS_DEPLOYMENT_TARGET = 9.3;
				MTL_ENABLE_DEBUG_INFO = NO;
				SDKROOT = iphoneos;
				VALIDATE_PRODUCT = YES;
			};
			name = Release;
		};
		7747C0BA1D9513B1007B5E3A /* Debug */ = {
			isa = XCBuildConfiguration;
			buildSettings = {
				ASSETCATALOG_COMPILER_APPICON_NAME = AppIcon;
				INFOPLIST_FILE = TPlayer/Info.plist;
				LD_RUNPATH_SEARCH_PATHS = "$(inherited) @executable_path/Frameworks";
				PRODUCT_BUNDLE_IDENTIFIER = com.matrix.TPlayer;
				PRODUCT_NAME = "$(TARGET_NAME)";
			};
			name = Debug;
		};
		7747C0BB1D9513B1007B5E3A /* Release */ = {
			isa = XCBuildConfiguration;
			buildSettings = {
				ASSETCATALOG_COMPILER_APPICON_NAME = AppIcon;
				INFOPLIST_FILE = TPlayer/Info.plist;
				LD_RUNPATH_SEARCH_PATHS = "$(inherited) @executable_path/Frameworks";
				PRODUCT_BUNDLE_IDENTIFIER = com.matrix.TPlayer;
				PRODUCT_NAME = "$(TARGET_NAME)";
			};
			name = Release;
		};
/* End XCBuildConfiguration section */

/* Begin XCConfigurationList section */
		7747C09D1D9513B1007B5E3A /* Build configuration list for PBXProject "TPlayer" */ = {
			isa = XCConfigurationList;
			buildConfigurations = (
				7747C0B71D9513B1007B5E3A /* Debug */,
				7747C0B81D9513B1007B5E3A /* Release */,
			);
			defaultConfigurationIsVisible = 0;
			defaultConfigurationName = Release;
		};
		7747C0B91D9513B1007B5E3A /* Build configuration list for PBXNativeTarget "TPlayer" */ = {
			isa = XCConfigurationList;
			buildConfigurations = (
				7747C0BA1D9513B1007B5E3A /* Debug */,
				7747C0BB1D9513B1007B5E3A /* Release */,
			);
			defaultConfigurationIsVisible = 0;
		};
/* End XCConfigurationList section */
	};
	rootObject = 7747C09A1D9513B1007B5E3A /* Project object */;
}
